// !$*UTF8*$!
{
	archiveVersion = 1;
	classes = {
	};
	objectVersion = 50;
	objects = {

/* Begin PBXBuildFile section */
		52FF99742462F87500801B87 /* main.cpp in Sources */ = {isa = PBXBuildFile; fileRef = 52FF99732462F87500801B87 /* main.cpp */; };
		52FF997D2463D7E100801B87 /* OpenGL.framework in Frameworks */ = {isa = PBXBuildFile; fileRef = 52FF997C2463D7E100801B87 /* OpenGL.framework */; };
		52FF997F2463D7F300801B87 /* libGLEW.2.1.0.dylib in Frameworks */ = {isa = PBXBuildFile; fileRef = 52FF997E2463D7F300801B87 /* libGLEW.2.1.0.dylib */; };
		52FF99812463D7FE00801B87 /* libglfw.3.3.dylib in Frameworks */ = {isa = PBXBuildFile; fileRef = 52FF99802463D7FE00801B87 /* libglfw.3.3.dylib */; };
		52FF99862463F32A00801B87 /* Shader.cpp in Sources */ = {isa = PBXBuildFile; fileRef = 52FF99842463F32A00801B87 /* Shader.cpp */; };
		52FF998B2463FA0F00801B87 /* stb_image.cpp in Sources */ = {isa = PBXBuildFile; fileRef = 52FF998A2463FA0F00801B87 /* stb_image.cpp */; };
/* End PBXBuildFile section */

/* Begin PBXCopyFilesBuildPhase section */
		52FF996E2462F87500801B87 /* CopyFiles */ = {
			isa = PBXCopyFilesBuildPhase;
			buildActionMask = 2147483647;
			dstPath = /usr/share/man/man1/;
			dstSubfolderSpec = 0;
			files = (
			);
			runOnlyForDeploymentPostprocessing = 1;
		};
/* End PBXCopyFilesBuildPhase section */

/* Begin PBXFileReference section */
		52FF99702462F87500801B87 /* OpenGL_Texture */ = {isa = PBXFileReference; explicitFileType = "compiled.mach-o.executable"; includeInIndex = 0; path = OpenGL_Texture; sourceTree = BUILT_PRODUCTS_DIR; };
		52FF99732462F87500801B87 /* main.cpp */ = {isa = PBXFileReference; lastKnownFileType = sourcecode.cpp.cpp; path = main.cpp; sourceTree = "<group>"; };
		52FF997A2462F8E000801B87 /* wall.jpg */ = {isa = PBXFileReference; lastKnownFileType = image.jpeg; path = wall.jpg; sourceTree = "<group>"; };
		52FF997C2463D7E100801B87 /* OpenGL.framework */ = {isa = PBXFileReference; lastKnownFileType = wrapper.framework; name = OpenGL.framework; path = System/Library/Frameworks/OpenGL.framework; sourceTree = SDKROOT; };
		52FF997E2463D7F300801B87 /* libGLEW.2.1.0.dylib */ = {isa = PBXFileReference; lastKnownFileType = "compiled.mach-o.dylib"; name = libGLEW.2.1.0.dylib; path = ../../../../../../../../usr/local/Cellar/glew/2.1.0/lib/libGLEW.2.1.0.dylib; sourceTree = "<group>"; };
		52FF99802463D7FE00801B87 /* libglfw.3.3.dylib */ = {isa = PBXFileReference; lastKnownFileType = "compiled.mach-o.dylib"; name = libglfw.3.3.dylib; path = ../../../../../../../../usr/local/Cellar/glfw/3.3/lib/libglfw.3.3.dylib; sourceTree = "<group>"; };
		52FF99822463F01E00801B87 /* stb_image.h */ = {isa = PBXFileReference; fileEncoding = 4; lastKnownFileType = sourcecode.c.h; path = stb_image.h; sourceTree = "<group>"; };
		52FF99842463F32A00801B87 /* Shader.cpp */ = {isa = PBXFileReference; fileEncoding = 4; lastKnownFileType = sourcecode.cpp.cpp; path = Shader.cpp; sourceTree = "<group>"; };
		52FF99852463F32A00801B87 /* Shader.hpp */ = {isa = PBXFileReference; fileEncoding = 4; lastKnownFileType = sourcecode.cpp.h; path = Shader.hpp; sourceTree = "<group>"; };
		52FF99872463F35000801B87 /* 4.1.texture.vs */ = {isa = PBXFileReference; lastKnownFileType = sourcecode.glsl; path = 4.1.texture.vs; sourceTree = "<group>"; };
		52FF99882463F36700801B87 /* 4.1.texture.fs */ = {isa = PBXFileReference; lastKnownFileType = sourcecode.glsl; path = 4.1.texture.fs; sourceTree = "<group>"; };
		52FF998A2463FA0F00801B87 /* stb_image.cpp */ = {isa = PBXFileReference; lastKnownFileType = sourcecode.cpp.cpp; path = stb_image.cpp; sourceTree = "<group>"; };
		52FF998C2464124700801B87 /* 4.1.texture2.fs */ = {isa = PBXFileReference; lastKnownFileType = sourcecode.glsl; path = 4.1.texture2.fs; sourceTree = "<group>"; };
		52FF998D246413AC00801B87 /* awesomeface.png */ = {isa = PBXFileReference; lastKnownFileType = image.png; path = awesomeface.png; sourceTree = "<group>"; };
		52FF9A5024654FE100801B87 /* 4.5.texture.fs */ = {isa = PBXFileReference; lastKnownFileType = sourcecode.glsl; path = 4.5.texture.fs; sourceTree = "<group>"; };
		52FF9A512465513400801B87 /* 4.5.texture.vs */ = {isa = PBXFileReference; lastKnownFileType = sourcecode.glsl; path = 4.5.texture.vs; sourceTree = "<group>"; };
/* End PBXFileReference section */

/* Begin PBXFrameworksBuildPhase section */
		52FF996D2462F87500801B87 /* Frameworks */ = {
			isa = PBXFrameworksBuildPhase;
			buildActionMask = 2147483647;
			files = (
				52FF997D2463D7E100801B87 /* OpenGL.framework in Frameworks */,
				52FF99812463D7FE00801B87 /* libglfw.3.3.dylib in Frameworks */,
				52FF997F2463D7F300801B87 /* libGLEW.2.1.0.dylib in Frameworks */,
			);
			runOnlyForDeploymentPostprocessing = 0;
		};
/* End PBXFrameworksBuildPhase section */

/* Begin PBXGroup section */
		52FF99672462F87500801B87 = {
			isa = PBXGroup;
			children = (
				52FF99722462F87500801B87 /* OpenGL_Texture */,
				52FF99712462F87500801B87 /* Products */,
				52FF997B2463D7E100801B87 /* Frameworks */,
			);
			sourceTree = "<group>";
		};
		52FF99712462F87500801B87 /* Products */ = {
			isa = PBXGroup;
			children = (
				52FF99702462F87500801B87 /* OpenGL_Texture */,
			);
			name = Products;
			sourceTree = "<group>";
		};
		52FF99722462F87500801B87 /* OpenGL_Texture */ = {
			isa = PBXGroup;
			children = (
				52FF99892463F9EA00801B87 /* stb_image */,
				52FF99832463F31900801B87 /* Shader */,
				52FF997A2462F8E000801B87 /* wall.jpg */,
				52FF998D246413AC00801B87 /* awesomeface.png */,
				52FF99732462F87500801B87 /* main.cpp */,
			);
			path = OpenGL_Texture;
			sourceTree = "<group>";
		};
		52FF997B2463D7E100801B87 /* Frameworks */ = {
			isa = PBXGroup;
			children = (
				52FF99802463D7FE00801B87 /* libglfw.3.3.dylib */,
				52FF997E2463D7F300801B87 /* libGLEW.2.1.0.dylib */,
				52FF997C2463D7E100801B87 /* OpenGL.framework */,
			);
			name = Frameworks;
			sourceTree = "<group>";
		};
		52FF99832463F31900801B87 /* Shader */ = {
			isa = PBXGroup;
			children = (
				52FF99842463F32A00801B87 /* Shader.cpp */,
				52FF99852463F32A00801B87 /* Shader.hpp */,
				52FF99872463F35000801B87 /* 4.1.texture.vs */,
				52FF99882463F36700801B87 /* 4.1.texture.fs */,
				52FF998C2464124700801B87 /* 4.1.texture2.fs */,
				52FF9A5024654FE100801B87 /* 4.5.texture.fs */,
				52FF9A512465513400801B87 /* 4.5.texture.vs */,
			);
			path = Shader;
			sourceTree = "<group>";
		};
		52FF99892463F9EA00801B87 /* stb_image */ = {
			isa = PBXGroup;
			children = (
				52FF99822463F01E00801B87 /* stb_image.h */,
				52FF998A2463FA0F00801B87 /* stb_image.cpp */,
			);
			path = stb_image;
			sourceTree = "<group>";
		};
/* End PBXGroup section */

/* Begin PBXNativeTarget section */
		52FF996F2462F87500801B87 /* OpenGL_Texture */ = {
			isa = PBXNativeTarget;
			buildConfigurationList = 52FF99772462F87500801B87 /* Build configuration list for PBXNativeTarget "OpenGL_Texture" */;
			buildPhases = (
				52FF996C2462F87500801B87 /* Sources */,
				52FF996D2462F87500801B87 /* Frameworks */,
				52FF996E2462F87500801B87 /* CopyFiles */,
			);
			buildRules = (
			);
			dependencies = (
			);
			name = OpenGL_Texture;
			productName = OpenGL_Texture;
			productReference = 52FF99702462F87500801B87 /* OpenGL_Texture */;
			productType = "com.apple.product-type.tool";
		};
/* End PBXNativeTarget section */

/* Begin PBXProject section */
		52FF99682462F87500801B87 /* Project object */ = {
			isa = PBXProject;
			attributes = {
				LastUpgradeCheck = 1140;
				ORGANIZATIONNAME = chenguang;
				TargetAttributes = {
					52FF996F2462F87500801B87 = {
						CreatedOnToolsVersion = 11.4.1;
					};
				};
			};
			buildConfigurationList = 52FF996B2462F87500801B87 /* Build configuration list for PBXProject "OpenGL_Texture" */;
			compatibilityVersion = "Xcode 9.3";
			developmentRegion = en;
			hasScannedForEncodings = 0;
			knownRegions = (
				en,
				Base,
			);
			mainGroup = 52FF99672462F87500801B87;
			productRefGroup = 52FF99712462F87500801B87 /* Products */;
			projectDirPath = "";
			projectRoot = "";
			targets = (
				52FF996F2462F87500801B87 /* OpenGL_Texture */,
			);
		};
/* End PBXProject section */

/* Begin PBXSourcesBuildPhase section */
		52FF996C2462F87500801B87 /* Sources */ = {
			isa = PBXSourcesBuildPhase;
			buildActionMask = 2147483647;
			files = (
				52FF998B2463FA0F00801B87 /* stb_image.cpp in Sources */,
				52FF99862463F32A00801B87 /* Shader.cpp in Sources */,
				52FF99742462F87500801B87 /* main.cpp in Sources */,
			);
			runOnlyForDeploymentPostprocessing = 0;
		};
/* End PBXSourcesBuildPhase section */

/* Begin XCBuildConfiguration section */
		52FF99752462F87500801B87 /* Debug */ = {
			isa = XCBuildConfiguration;
			buildSettings = {
				ALWAYS_SEARCH_USER_PATHS = NO;
				CLANG_ANALYZER_NONNULL = YES;
				CLANG_ANALYZER_NUMBER_OBJECT_CONVERSION = YES_AGGRESSIVE;
				CLANG_CXX_LANGUAGE_STANDARD = "gnu++14";
				CLANG_CXX_LIBRARY = "libc++";
				CLANG_ENABLE_MODULES = YES;
				CLANG_ENABLE_OBJC_ARC = YES;
				CLANG_ENABLE_OBJC_WEAK = YES;
				CLANG_WARN_BLOCK_CAPTURE_AUTORELEASING = YES;
				CLANG_WARN_BOOL_CONVERSION = YES;
				CLANG_WARN_COMMA = YES;
				CLANG_WARN_CONSTANT_CONVERSION = YES;
				CLANG_WARN_DEPRECATED_OBJC_IMPLEMENTATIONS = YES;
				CLANG_WARN_DIRECT_OBJC_ISA_USAGE = YES_ERROR;
				CLANG_WARN_DOCUMENTATION_COMMENTS = YES;
				CLANG_WARN_EMPTY_BODY = YES;
				CLANG_WARN_ENUM_CONVERSION = YES;
				CLANG_WARN_INFINITE_RECURSION = YES;
				CLANG_WARN_INT_CONVERSION = YES;
				CLANG_WARN_NON_LITERAL_NULL_CONVERSION = YES;
				CLANG_WARN_OBJC_IMPLICIT_RETAIN_SELF = YES;
				CLANG_WARN_OBJC_LITERAL_CONVERSION = YES;
				CLANG_WARN_OBJC_ROOT_CLASS = YES_ERROR;
				CLANG_WARN_RANGE_LOOP_ANALYSIS = YES;
				CLANG_WARN_STRICT_PROTOTYPES = YES;
				CLANG_WARN_SUSPICIOUS_MOVE = YES;
				CLANG_WARN_UNGUARDED_AVAILABILITY = YES_AGGRESSIVE;
				CLANG_WARN_UNREACHABLE_CODE = YES;
				CLANG_WARN__DUPLICATE_METHOD_MATCH = YES;
				COPY_PHASE_STRIP = NO;
				DEBUG_INFORMATION_FORMAT = dwarf;
				ENABLE_STRICT_OBJC_MSGSEND = YES;
				ENABLE_TESTABILITY = YES;
				GCC_C_LANGUAGE_STANDARD = gnu11;
				GCC_DYNAMIC_NO_PIC = NO;
				GCC_NO_COMMON_BLOCKS = YES;
				GCC_OPTIMIZATION_LEVEL = 0;
				GCC_PREPROCESSOR_DEFINITIONS = (
					"DEBUG=1",
					"$(inherited)",
				);
				GCC_WARN_64_TO_32_BIT_CONVERSION = YES;
				GCC_WARN_ABOUT_RETURN_TYPE = YES_ERROR;
				GCC_WARN_UNDECLARED_SELECTOR = YES;
				GCC_WARN_UNINITIALIZED_AUTOS = YES_AGGRESSIVE;
				GCC_WARN_UNUSED_FUNCTION = YES;
				GCC_WARN_UNUSED_VARIABLE = YES;
				MACOSX_DEPLOYMENT_TARGET = 10.15;
				MTL_ENABLE_DEBUG_INFO = INCLUDE_SOURCE;
				MTL_FAST_MATH = YES;
				ONLY_ACTIVE_ARCH = YES;
				SDKROOT = macosx;
			};
			name = Debug;
		};
		52FF99762462F87500801B87 /* Release */ = {
			isa = XCBuildConfiguration;
			buildSettings = {
				ALWAYS_SEARCH_USER_PATHS = NO;
				CLANG_ANALYZER_NONNULL = YES;
				CLANG_ANALYZER_NUMBER_OBJECT_CONVERSION = YES_AGGRESSIVE;
				CLANG_CXX_LANGUAGE_STANDARD = "gnu++14";
				CLANG_CXX_LIBRARY = "libc++";
				CLANG_ENABLE_MODULES = YES;
				CLANG_ENABLE_OBJC_ARC = YES;
				CLANG_ENABLE_OBJC_WEAK = YES;
				CLANG_WARN_BLOCK_CAPTURE_AUTORELEASING = YES;
				CLANG_WARN_BOOL_CONVERSION = YES;
				CLANG_WARN_COMMA = YES;
				CLANG_WARN_CONSTANT_CONVERSION = YES;
				CLANG_WARN_DEPRECATED_OBJC_IMPLEMENTATIONS = YES;
				CLANG_WARN_DIRECT_OBJC_ISA_USAGE = YES_ERROR;
				CLANG_WARN_DOCUMENTATION_COMMENTS = YES;
				CLANG_WARN_EMPTY_BODY = YES;
				CLANG_WARN_ENUM_CONVERSION = YES;
				CLANG_WARN_INFINITE_RECURSION = YES;
				CLANG_WARN_INT_CONVERSION = YES;
				CLANG_WARN_NON_LITERAL_NULL_CONVERSION = YES;
				CLANG_WARN_OBJC_IMPLICIT_RETAIN_SELF = YES;
				CLANG_WARN_OBJC_LITERAL_CONVERSION = YES;
				CLANG_WARN_OBJC_ROOT_CLASS = YES_ERROR;
				CLANG_WARN_RANGE_LOOP_ANALYSIS = YES;
				CLANG_WARN_STRICT_PROTOTYPES = YES;
				CLANG_WARN_SUSPICIOUS_MOVE = YES;
				CLANG_WARN_UNGUARDED_AVAILABILITY = YES_AGGRESSIVE;
				CLANG_WARN_UNREACHABLE_CODE = YES;
				CLANG_WARN__DUPLICATE_METHOD_MATCH = YES;
				COPY_PHASE_STRIP = NO;
				DEBUG_INFORMATION_FORMAT = "dwarf-with-dsym";
				ENABLE_NS_ASSERTIONS = NO;
				ENABLE_STRICT_OBJC_MSGSEND = YES;
				GCC_C_LANGUAGE_STANDARD = gnu11;
				GCC_NO_COMMON_BLOCKS = YES;
				GCC_WARN_64_TO_32_BIT_CONVERSION = YES;
				GCC_WARN_ABOUT_RETURN_TYPE = YES_ERROR;
				GCC_WARN_UNDECLARED_SELECTOR = YES;
				GCC_WARN_UNINITIALIZED_AUTOS = YES_AGGRESSIVE;
				GCC_WARN_UNUSED_FUNCTION = YES;
				GCC_WARN_UNUSED_VARIABLE = YES;
				MACOSX_DEPLOYMENT_TARGET = 10.15;
				MTL_ENABLE_DEBUG_INFO = NO;
				MTL_FAST_MATH = YES;
				SDKROOT = macosx;
			};
			name = Release;
		};
		52FF99782462F87500801B87 /* Debug */ = {
			isa = XCBuildConfiguration;
			buildSettings = {
				CODE_SIGN_STYLE = Automatic;
				HEADER_SEARCH_PATHS = (
					"\"$(glew_header)/\"",
					"\"$(glfw_header)/\"",
				);
				LIBRARY_SEARCH_PATHS = (
					"$(inherited)",
					/usr/local/Cellar/glew/2.1.0/lib,
					/usr/local/Cellar/glfw/3.3/lib,
				);
				PRODUCT_NAME = "$(TARGET_NAME)";
			};
			name = Debug;
		};
		52FF99792462F87500801B87 /* Release */ = {
			isa = XCBuildConfiguration;
			buildSettings = {
				CODE_SIGN_STYLE = Automatic;
				HEADER_SEARCH_PATHS = (
					"\"$(glew_header)/\"",
					"\"$(glfw_header)/\"",
				);
				LIBRARY_SEARCH_PATHS = (
					"$(inherited)",
					/usr/local/Cellar/glew/2.1.0/lib,
					/usr/local/Cellar/glfw/3.3/lib,
				);
				PRODUCT_NAME = "$(TARGET_NAME)";
			};
			name = Release;
		};
/* End XCBuildConfiguration section */

/* Begin XCConfigurationList section */
		52FF996B2462F87500801B87 /* Build configuration list for PBXProject "OpenGL_Texture" */ = {
			isa = XCConfigurationList;
			buildConfigurations = (
				52FF99752462F87500801B87 /* Debug */,
				52FF99762462F87500801B87 /* Release */,
			);
			defaultConfigurationIsVisible = 0;
			defaultConfigurationName = Release;
		};
		52FF99772462F87500801B87 /* Build configuration list for PBXNativeTarget "OpenGL_Texture" */ = {
			isa = XCConfigurationList;
			buildConfigurations = (
				52FF99782462F87500801B87 /* Debug */,
				52FF99792462F87500801B87 /* Release */,
			);
			defaultConfigurationIsVisible = 0;
			defaultConfigurationName = Release;
		};
/* End XCConfigurationList section */
	};
	rootObject = 52FF99682462F87500801B87 /* Project object */;
}
